
Microsoft Visual Studio Solution File, Format Version 12.00
# Visual Studio Version 17
VisualStudioVersion = 17.1.32210.238
MinimumVisualStudioVersion = 10.0.40219.1
Project("{9A19103F-16F7-4668-BE54-9A1E7A4F7556}") = "BlogLab.Web", "BlogLab.Web\BlogLab.Web.csproj", "{5E6B045F-8788-4EB6-9C04-DA5B3F3043CF}"
EndProject
Project("{9A19103F-16F7-4668-BE54-9A1E7A4F7556}") = "BlogLab.Models", "BlogLab.Models\BlogLab.Models.csproj", "{EABACA5E-B74C-47B9-8A5C-34741D9880C5}"
EndProject
Project("{9A19103F-16F7-4668-BE54-9A1E7A4F7556}") = "BlogLab.Repository", "BlogLab.Repository\BlogLab.Repository.csproj", "{7EBC5929-B581-448C-A789-79C78F445684}"
EndProject
Project("{FAE04EC0-301F-11D3-BF4B-00C04F79EFBC}") = "BlogLab.Identity", "BlogLab.Identity\BlogLab.Identity.csproj", "{A79F1067-2A6C-4CD2-AAD9-40CC3197B55F}"
EndProject
Project("{FAE04EC0-301F-11D3-BF4B-00C04F79EFBC}") = "BlogLab.Services", "BlogLab.Services\BlogLab.Services.csproj", "{BEFE34D8-02D0-412B-B144-999758DD4879}"
EndProject
Global
	GlobalSection(SolutionConfigurationPlatforms) = preSolution
		Debug|Any CPU = Debug|Any CPU
		Release|Any CPU = Release|Any CPU
	EndGlobalSection
	GlobalSection(ProjectConfigurationPlatforms) = postSolution
		{5E6B045F-8788-4EB6-9C04-DA5B3F3043CF}.Debug|Any CPU.ActiveCfg = Debug|Any CPU
		{5E6B045F-8788-4EB6-9C04-DA5B3F3043CF}.Debug|Any CPU.Build.0 = Debug|Any CPU
		{5E6B045F-8788-4EB6-9C04-DA5B3F3043CF}.Release|Any CPU.ActiveCfg = Release|Any CPU
		{5E6B045F-8788-4EB6-9C04-DA5B3F3043CF}.Release|Any CPU.Build.0 = Release|Any CPU
		{EABACA5E-B74C-47B9-8A5C-34741D9880C5}.Debug|Any CPU.ActiveCfg = Debug|Any CPU
		{EABACA5E-B74C-47B9-8A5C-34741D9880C5}.Debug|Any CPU.Build.0 = Debug|Any CPU
		{EABACA5E-B74C-47B9-8A5C-34741D9880C5}.Release|Any CPU.ActiveCfg = Release|Any CPU
		{EABACA5E-B74C-47B9-8A5C-34741D9880C5}.Release|Any CPU.Build.0 = Release|Any CPU
		{7EBC5929-B581-448C-A789-79C78F445684}.Debug|Any CPU.ActiveCfg = Debug|Any CPU
		{7EBC5929-B581-448C-A789-79C78F445684}.Debug|Any CPU.Build.0 = Debug|Any CPU
		{7EBC5929-B581-448C-A789-79C78F445684}.Release|Any CPU.ActiveCfg = Release|Any CPU
		{7EBC5929-B581-448C-A789-79C78F445684}.Release|Any CPU.Build.0 = Release|Any CPU
		{A79F1067-2A6C-4CD2-AAD9-40CC3197B55F}.Debug|Any CPU.ActiveCfg = Debug|Any CPU
		{A79F1067-2A6C-4CD2-AAD9-40CC3197B55F}.Debug|Any CPU.Build.0 = Debug|Any CPU
		{A79F1067-2A6C-4CD2-AAD9-40CC3197B55F}.Release|Any CPU.ActiveCfg = Release|Any CPU
		{A79F1067-2A6C-4CD2-AAD9-40CC3197B55F}.Release|Any CPU.Build.0 = Release|Any CPU
		{BEFE34D8-02D0-412B-B144-999758DD4879}.Debug|Any CPU.ActiveCfg = Debug|Any CPU
		{BEFE34D8-02D0-412B-B144-999758DD4879}.Debug|Any CPU.Build.0 = Debug|Any CPU
		{BEFE34D8-02D0-412B-B144-999758DD4879}.Release|Any CPU.ActiveCfg = Release|Any CPU
		{BEFE34D8-02D0-412B-B144-999758DD4879}.Release|Any CPU.Build.0 = Release|Any CPU
	EndGlobalSection
	GlobalSection(SolutionProperties) = preSolution
		HideSolutionNode = FALSE
	EndGlobalSection
	GlobalSection(ExtensibilityGlobals) = postSolution
		SolutionGuid = {985A73CE-FD0F-4FCE-8490-A752AE81595E}
	EndGlobalSection
EndGlobal
